Microsoft Visual Studio Solution File, Format Version 8.00
Project("{FAE04EC0-301F-11D3-BF4B-00C04F79EFBC}") = "systemTrayApplication", "systemTrayApplication.csproj", "{55020C9C-2EF8-4D89-BADE-8A4E6969892F}"
	ProjectSection(ProjectDependencies) = postProject
	EndProjectSection
EndProject
Global
	GlobalSection(SolutionConfiguration) = preSolution
		Debug = Debug
		Release = Release
	EndGlobalSection
	GlobalSection(ProjectConfiguration) = postSolution
		{55020C9C-2EF8-4D89-BADE-8A4E6969892F}.Debug.ActiveCfg = Debug|.NET
		{55020C9C-2EF8-4D89-BADE-8A4E6969892F}.Debug.Build.0 = Debug|.NET
		{55020C9C-2EF8-4D89-BADE-8A4E6969892F}.Release.ActiveCfg = Release|.NET
		{55020C9C-2EF8-4D89-BADE-8A4E6969892F}.Release.Build.0 = Release|.NET
	EndGlobalSection
	GlobalSection(ExtensibilityGlobals) = postSolution
	EndGlobalSection
	GlobalSection(ExtensibilityAddIns) = postSolution
	EndGlobalSection
EndGlobal
